
Microsoft Visual Studio Solution File, Format Version 12.00
# Visual Studio 15
VisualStudioVersion = 15.0.28010.2036
MinimumVisualStudioVersion = 10.0.40219.1
Project("{9A19103F-16F7-4668-BE54-9A1E7A4F7556}") = "Suplex.Security.Utilities.Json", "Suplex.Security.Utilities.Json\Suplex.Security.Utilities.Json.csproj", "{496424A2-7DFA-4DCD-9CB9-84C224606F2C}"
EndProject
Project("{9A19103F-16F7-4668-BE54-9A1E7A4F7556}") = "Suplex.Security.Utilities.Yaml", "Suplex.Security.Utilities.Yaml\Suplex.Security.Utilities.Yaml.csproj", "{FBC74CF4-50B5-41B0-A215-BCB7EE6D8AD2}"
EndProject
Project("{2150E333-8FDC-42A3-9474-1A3956D46DE8}") = "scripts", "scripts", "{1331135D-1384-44F1-86B2-18A16D1D6082}"
	ProjectSection(SolutionItems) = preProject
		scripts\AssemblyInfo.xml = scripts\AssemblyInfo.xml
	EndProjectSection
EndProject
Project("{9A19103F-16F7-4668-BE54-9A1E7A4F7556}") = "Suplex.Security.Utilities.ActiveDirectory", "Suplex.Security.Utilities.ActiveDirectory\Suplex.Security.Utilities.ActiveDirectory.csproj", "{4F5D4C5F-B286-4495-B6CE-A5FC7825DBA6}"
EndProject
Global
	GlobalSection(SolutionConfigurationPlatforms) = preSolution
		Debug|Any CPU = Debug|Any CPU
		Release|Any CPU = Release|Any CPU
	EndGlobalSection
	GlobalSection(ProjectConfigurationPlatforms) = postSolution
		{496424A2-7DFA-4DCD-9CB9-84C224606F2C}.Debug|Any CPU.ActiveCfg = Debug|Any CPU
		{496424A2-7DFA-4DCD-9CB9-84C224606F2C}.Debug|Any CPU.Build.0 = Debug|Any CPU
		{496424A2-7DFA-4DCD-9CB9-84C224606F2C}.Release|Any CPU.ActiveCfg = Release|Any CPU
		{496424A2-7DFA-4DCD-9CB9-84C224606F2C}.Release|Any CPU.Build.0 = Release|Any CPU
		{FBC74CF4-50B5-41B0-A215-BCB7EE6D8AD2}.Debug|Any CPU.ActiveCfg = Debug|Any CPU
		{FBC74CF4-50B5-41B0-A215-BCB7EE6D8AD2}.Debug|Any CPU.Build.0 = Debug|Any CPU
		{FBC74CF4-50B5-41B0-A215-BCB7EE6D8AD2}.Release|Any CPU.ActiveCfg = Release|Any CPU
		{FBC74CF4-50B5-41B0-A215-BCB7EE6D8AD2}.Release|Any CPU.Build.0 = Release|Any CPU
		{4F5D4C5F-B286-4495-B6CE-A5FC7825DBA6}.Debug|Any CPU.ActiveCfg = Debug|Any CPU
		{4F5D4C5F-B286-4495-B6CE-A5FC7825DBA6}.Debug|Any CPU.Build.0 = Debug|Any CPU
		{4F5D4C5F-B286-4495-B6CE-A5FC7825DBA6}.Release|Any CPU.ActiveCfg = Release|Any CPU
		{4F5D4C5F-B286-4495-B6CE-A5FC7825DBA6}.Release|Any CPU.Build.0 = Release|Any CPU
	EndGlobalSection
	GlobalSection(SolutionProperties) = preSolution
		HideSolutionNode = FALSE
	EndGlobalSection
	GlobalSection(ExtensibilityGlobals) = postSolution
		SolutionGuid = {E4DAF23E-51CC-4FE4-BDF9-82BE91AE0815}
	EndGlobalSection
EndGlobal
